// !$*UTF8*$!
{
	archiveVersion = 1;
	classes = {
	};
	objectVersion = 46;
	objects = {

/* Begin PBXBuildFile section */
		2ABF8AA51DDC2A40000EAA11 /* AppDelegate.swift in Sources */ = {isa = PBXBuildFile; fileRef = 2ABF8AA41DDC2A40000EAA11 /* AppDelegate.swift */; };
		2ABF8AA71DDC2A40000EAA11 /* LoginVC.swift in Sources */ = {isa = PBXBuildFile; fileRef = 2ABF8AA61DDC2A40000EAA11 /* LoginVC.swift */; };
		2ABF8AAA1DDC2A40000EAA11 /* Main.storyboard in Resources */ = {isa = PBXBuildFile; fileRef = 2ABF8AA81DDC2A40000EAA11 /* Main.storyboard */; };
		2ABF8AAC1DDC2A40000EAA11 /* Assets.xcassets in Resources */ = {isa = PBXBuildFile; fileRef = 2ABF8AAB1DDC2A40000EAA11 /* Assets.xcassets */; };
		2ABF8AAF1DDC2A40000EAA11 /* LaunchScreen.storyboard in Resources */ = {isa = PBXBuildFile; fileRef = 2ABF8AAD1DDC2A40000EAA11 /* LaunchScreen.storyboard */; };
		2ABF8AB71DDC2BA2000EAA11 /* MusicListVC.swift in Sources */ = {isa = PBXBuildFile; fileRef = 2ABF8AB61DDC2BA2000EAA11 /* MusicListVC.swift */; };
		2ABF8AB91DDC2FC2000EAA11 /* PlaySongVC.swift in Sources */ = {isa = PBXBuildFile; fileRef = 2ABF8AB81DDC2FC2000EAA11 /* PlaySongVC.swift */; };
/* End PBXBuildFile section */

/* Begin PBXFileReference section */
		2ABF8AA11DDC2A40000EAA11 /* Swapping Screens.app */ = {isa = PBXFileReference; explicitFileType = wrapper.application; includeInIndex = 0; path = "Swapping Screens.app"; sourceTree = BUILT_PRODUCTS_DIR; };
		2ABF8AA41DDC2A40000EAA11 /* AppDelegate.swift */ = {isa = PBXFileReference; lastKnownFileType = sourcecode.swift; path = AppDelegate.swift; sourceTree = "<group>"; };
		2ABF8AA61DDC2A40000EAA11 /* LoginVC.swift */ = {isa = PBXFileReference; lastKnownFileType = sourcecode.swift; path = LoginVC.swift; sourceTree = "<group>"; };
		2ABF8AA91DDC2A40000EAA11 /* Base */ = {isa = PBXFileReference; lastKnownFileType = file.storyboard; name = Base; path = Base.lproj/Main.storyboard; sourceTree = "<group>"; };
		2ABF8AAB1DDC2A40000EAA11 /* Assets.xcassets */ = {isa = PBXFileReference; lastKnownFileType = folder.assetcatalog; path = Assets.xcassets; sourceTree = "<group>"; };
		2ABF8AAE1DDC2A40000EAA11 /* Base */ = {isa = PBXFileReference; lastKnownFileType = file.storyboard; name = Base; path = Base.lproj/LaunchScreen.storyboard; sourceTree = "<group>"; };
		2ABF8AB01DDC2A40000EAA11 /* Info.plist */ = {isa = PBXFileReference; lastKnownFileType = text.plist.xml; path = Info.plist; sourceTree = "<group>"; };
		2ABF8AB61DDC2BA2000EAA11 /* MusicListVC.swift */ = {isa = PBXFileReference; fileEncoding = 4; lastKnownFileType = sourcecode.swift; path = MusicListVC.swift; sourceTree = "<group>"; };
		2ABF8AB81DDC2FC2000EAA11 /* PlaySongVC.swift */ = {isa = PBXFileReference; fileEncoding = 4; lastKnownFileType = sourcecode.swift; path = PlaySongVC.swift; sourceTree = "<group>"; };
/* End PBXFileReference section */

/* Begin PBXFrameworksBuildPhase section */
		2ABF8A9E1DDC2A40000EAA11 /* Frameworks */ = {
			isa = PBXFrameworksBuildPhase;
			buildActionMask = 2147483647;
			files = (
			);
			runOnlyForDeploymentPostprocessing = 0;
		};
/* End PBXFrameworksBuildPhase section */

/* Begin PBXGroup section */
		2ABF8A981DDC2A40000EAA11 = {
			isa = PBXGroup;
			children = (
				2ABF8AA31DDC2A40000EAA11 /* Swapping Screens */,
				2ABF8AA21DDC2A40000EAA11 /* Products */,
			);
			sourceTree = "<group>";
		};
		2ABF8AA21DDC2A40000EAA11 /* Products */ = {
			isa = PBXGroup;
			children = (
				2ABF8AA11DDC2A40000EAA11 /* Swapping Screens.app */,
			);
			name = Products;
			sourceTree = "<group>";
		};
		2ABF8AA31DDC2A40000EAA11 /* Swapping Screens */ = {
			isa = PBXGroup;
			children = (
				2ABF8AA41DDC2A40000EAA11 /* AppDelegate.swift */,
				2ABF8AA61DDC2A40000EAA11 /* LoginVC.swift */,
				2ABF8AA81DDC2A40000EAA11 /* Main.storyboard */,
				2ABF8AAB1DDC2A40000EAA11 /* Assets.xcassets */,
				2ABF8AAD1DDC2A40000EAA11 /* LaunchScreen.storyboard */,
				2ABF8AB01DDC2A40000EAA11 /* Info.plist */,
				2ABF8AB61DDC2BA2000EAA11 /* MusicListVC.swift */,
				2ABF8AB81DDC2FC2000EAA11 /* PlaySongVC.swift */,
			);
			path = "Swapping Screens";
			sourceTree = "<group>";
		};
/* End PBXGroup section */

/* Begin PBXNativeTarget section */
		2ABF8AA01DDC2A40000EAA11 /* Swapping Screens */ = {
			isa = PBXNativeTarget;
			buildConfigurationList = 2ABF8AB31DDC2A40000EAA11 /* Build configuration list for PBXNativeTarget "Swapping Screens" */;
			buildPhases = (
				2ABF8A9D1DDC2A40000EAA11 /* Sources */,
				2ABF8A9E1DDC2A40000EAA11 /* Frameworks */,
				2ABF8A9F1DDC2A40000EAA11 /* Resources */,
			);
			buildRules = (
			);
			dependencies = (
			);
			name = "Swapping Screens";
			productName = "Swapping Screens";
			productReference = 2ABF8AA11DDC2A40000EAA11 /* Swapping Screens.app */;
			productType = "com.apple.product-type.application";
		};
/* End PBXNativeTarget section */

/* Begin PBXProject section */
		2ABF8A991DDC2A40000EAA11 /* Project object */ = {
			isa = PBXProject;
			attributes = {
				LastSwiftUpdateCheck = 0800;
				LastUpgradeCheck = 0800;
				ORGANIZATIONNAME = Kimar;
				TargetAttributes = {
					2ABF8AA01DDC2A40000EAA11 = {
						CreatedOnToolsVersion = 8.0;
						DevelopmentTeam = 68P9D67JUK;
						ProvisioningStyle = Automatic;
					};
				};
			};
			buildConfigurationList = 2ABF8A9C1DDC2A40000EAA11 /* Build configuration list for PBXProject "Swapping Screens" */;
			compatibilityVersion = "Xcode 3.2";
			developmentRegion = English;
			hasScannedForEncodings = 0;
			knownRegions = (
				en,
				Base,
			);
			mainGroup = 2ABF8A981DDC2A40000EAA11;
			productRefGroup = 2ABF8AA21DDC2A40000EAA11 /* Products */;
			projectDirPath = "";
			projectRoot = "";
			targets = (
				2ABF8AA01DDC2A40000EAA11 /* Swapping Screens */,
			);
		};
/* End PBXProject section */

/* Begin PBXResourcesBuildPhase section */
		2ABF8A9F1DDC2A40000EAA11 /* Resources */ = {
			isa = PBXResourcesBuildPhase;
			buildActionMask = 2147483647;
			files = (
				2ABF8AAF1DDC2A40000EAA11 /* LaunchScreen.storyboard in Resources */,
				2ABF8AAC1DDC2A40000EAA11 /* Assets.xcassets in Resources */,
				2ABF8AAA1DDC2A40000EAA11 /* Main.storyboard in Resources */,
			);
			runOnlyForDeploymentPostprocessing = 0;
		};
/* End PBXResourcesBuildPhase section */

/* Begin PBXSourcesBuildPhase section */
		2ABF8A9D1DDC2A40000EAA11 /* Sources */ = {
			isa = PBXSourcesBuildPhase;
			buildActionMask = 2147483647;
			files = (
				2ABF8AB71DDC2BA2000EAA11 /* MusicListVC.swift in Sources */,
				2ABF8AB91DDC2FC2000EAA11 /* PlaySongVC.swift in Sources */,
				2ABF8AA71DDC2A40000EAA11 /* LoginVC.swift in Sources */,
				2ABF8AA51DDC2A40000EAA11 /* AppDelegate.swift in Sources */,
			);
			runOnlyForDeploymentPostprocessing = 0;
		};
/* End PBXSourcesBuildPhase section */

/* Begin PBXVariantGroup section */
		2ABF8AA81DDC2A40000EAA11 /* Main.storyboard */ = {
			isa = PBXVariantGroup;
			children = (
				2ABF8AA91DDC2A40000EAA11 /* Base */,
			);
			name = Main.storyboard;
			sourceTree = "<group>";
		};
		2ABF8AAD1DDC2A40000EAA11 /* LaunchScreen.storyboard */ = {
			isa = PBXVariantGroup;
			children = (
				2ABF8AAE1DDC2A40000EAA11 /* Base */,
			);
			name = LaunchScreen.storyboard;
			sourceTree = "<group>";
		};
/* End PBXVariantGroup section */

/* Begin XCBuildConfiguration section */
		2ABF8AB11DDC2A40000EAA11 /* Debug */ = {
			isa = XCBuildConfiguration;
			buildSettings = {
				ALWAYS_SEARCH_USER_PATHS = NO;
				CLANG_ANALYZER_NONNULL = YES;
				CLANG_CXX_LANGUAGE_STANDARD = "gnu++0x";
				CLANG_CXX_LIBRARY = "libc++";
				CLANG_ENABLE_MODULES = YES;
				CLANG_ENABLE_OBJC_ARC = YES;
				CLANG_WARN_BOOL_CONVERSION = YES;
				CLANG_WARN_CONSTANT_CONVERSION = YES;
				CLANG_WARN_DIRECT_OBJC_ISA_USAGE = YES_ERROR;
				CLANG_WARN_DOCUMENTATION_COMMENTS = YES;
				CLANG_WARN_EMPTY_BODY = YES;
				CLANG_WARN_ENUM_CONVERSION = YES;
				CLANG_WARN_INFINITE_RECURSION = YES;
				CLANG_WARN_INT_CONVERSION = YES;
				CLANG_WARN_OBJC_ROOT_CLASS = YES_ERROR;
				CLANG_WARN_SUSPICIOUS_MOVES = YES;
				CLANG_WARN_UNREACHABLE_CODE = YES;
				CLANG_WARN__DUPLICATE_METHOD_MATCH = YES;
				"CODE_SIGN_IDENTITY[sdk=iphoneos*]" = "iPhone Developer";
				COPY_PHASE_STRIP = NO;
				DEBUG_INFORMATION_FORMAT = dwarf;
				ENABLE_STRICT_OBJC_MSGSEND = YES;
				ENABLE_TESTABILITY = YES;
				GCC_C_LANGUAGE_STANDARD = gnu99;
				GCC_DYNAMIC_NO_PIC = NO;
				GCC_NO_COMMON_BLOCKS = YES;
				GCC_OPTIMIZATION_LEVEL = 0;
				GCC_PREPROCESSOR_DEFINITIONS = (
					"DEBUG=1",
					"$(inherited)",
				);
				GCC_WARN_64_TO_32_BIT_CONVERSION = YES;
				GCC_WARN_ABOUT_RETURN_TYPE = YES_ERROR;
				GCC_WARN_UNDECLARED_SELECTOR = YES;
				GCC_WARN_UNINITIALIZED_AUTOS = YES_AGGRESSIVE;
				GCC_WARN_UNUSED_FUNCTION = YES;
				GCC_WARN_UNUSED_VARIABLE = YES;
				IPHONEOS_DEPLOYMENT_TARGET = 10.0;
				MTL_ENABLE_DEBUG_INFO = YES;
				ONLY_ACTIVE_ARCH = YES;
				SDKROOT = iphoneos;
				SWIFT_ACTIVE_COMPILATION_CONDITIONS = DEBUG;
				SWIFT_OPTIMIZATION_LEVEL = "-Onone";
				TARGETED_DEVICE_FAMILY = "1,2";
			};
			name = Debug;
		};
		2ABF8AB21DDC2A40000EAA11 /* Release */ = {
			isa = XCBuildConfiguration;
			buildSettings = {
				ALWAYS_SEARCH_USER_PATHS = NO;
				CLANG_ANALYZER_NONNULL = YES;
				CLANG_CXX_LANGUAGE_STANDARD = "gnu++0x";
				CLANG_CXX_LIBRARY = "libc++";
				CLANG_ENABLE_MODULES = YES;
				CLANG_ENABLE_OBJC_ARC = YES;
				CLANG_WARN_BOOL_CONVERSION = YES;
				CLANG_WARN_CONSTANT_CONVERSION = YES;
				CLANG_WARN_DIRECT_OBJC_ISA_USAGE = YES_ERROR;
				CLANG_WARN_DOCUMENTATION_COMMENTS = YES;
				CLANG_WARN_EMPTY_BODY = YES;
				CLANG_WARN_ENUM_CONVERSION = YES;
				CLANG_WARN_INFINITE_RECURSION = YES;
				CLANG_WARN_INT_CONVERSION = YES;
				CLANG_WARN_OBJC_ROOT_CLASS = YES_ERROR;
				CLANG_WARN_SUSPICIOUS_MOVES = YES;
				CLANG_WARN_UNREACHABLE_CODE = YES;
				CLANG_WARN__DUPLICATE_METHOD_MATCH = YES;
				"CODE_SIGN_IDENTITY[sdk=iphoneos*]" = "iPhone Developer";
				COPY_PHASE_STRIP = NO;
				DEBUG_INFORMATION_FORMAT = "dwarf-with-dsym";
				ENABLE_NS_ASSERTIONS = NO;
				ENABLE_STRICT_OBJC_MSGSEND = YES;
				GCC_C_LANGUAGE_STANDARD = gnu99;
				GCC_NO_COMMON_BLOCKS = YES;
				GCC_WARN_64_TO_32_BIT_CONVERSION = YES;
				GCC_WARN_ABOUT_RETURN_TYPE = YES_ERROR;
				GCC_WARN_UNDECLARED_SELECTOR = YES;
				GCC_WARN_UNINITIALIZED_AUTOS = YES_AGGRESSIVE;
				GCC_WARN_UNUSED_FUNCTION = YES;
				GCC_WARN_UNUSED_VARIABLE = YES;
				IPHONEOS_DEPLOYMENT_TARGET = 10.0;
				MTL_ENABLE_DEBUG_INFO = NO;
				SDKROOT = iphoneos;
				SWIFT_OPTIMIZATION_LEVEL = "-Owholemodule";
				TARGETED_DEVICE_FAMILY = "1,2";
				VALIDATE_PRODUCT = YES;
			};
			name = Release;
		};
		2ABF8AB41DDC2A40000EAA11 /* Debug */ = {
			isa = XCBuildConfiguration;
			buildSettings = {
				ASSETCATALOG_COMPILER_APPICON_NAME = AppIcon;
				DEVELOPMENT_TEAM = 68P9D67JUK;
				INFOPLIST_FILE = "Swapping Screens/Info.plist";
				LD_RUNPATH_SEARCH_PATHS = "$(inherited) @executable_path/Frameworks";
				PRODUCT_BUNDLE_IDENTIFIER = "br.eng.kimar.Swapping-Screens";
				PRODUCT_NAME = "$(TARGET_NAME)";
				SWIFT_VERSION = 3.0;
			};
			name = Debug;
		};
		2ABF8AB51DDC2A40000EAA11 /* Release */ = {
			isa = XCBuildConfiguration;
			buildSettings = {
				ASSETCATALOG_COMPILER_APPICON_NAME = AppIcon;
				DEVELOPMENT_TEAM = 68P9D67JUK;
				INFOPLIST_FILE = "Swapping Screens/Info.plist";
				LD_RUNPATH_SEARCH_PATHS = "$(inherited) @executable_path/Frameworks";
				PRODUCT_BUNDLE_IDENTIFIER = "br.eng.kimar.Swapping-Screens";
				PRODUCT_NAME = "$(TARGET_NAME)";
				SWIFT_VERSION = 3.0;
			};
			name = Release;
		};
/* End XCBuildConfiguration section */

/* Begin XCConfigurationList section */
		2ABF8A9C1DDC2A40000EAA11 /* Build configuration list for PBXProject "Swapping Screens" */ = {
			isa = XCConfigurationList;
			buildConfigurations = (
				2ABF8AB11DDC2A40000EAA11 /* Debug */,
				2ABF8AB21DDC2A40000EAA11 /* Release */,
			);
			defaultConfigurationIsVisible = 0;
			defaultConfigurationName = Release;
		};
		2ABF8AB31DDC2A40000EAA11 /* Build configuration list for PBXNativeTarget "Swapping Screens" */ = {
			isa = XCConfigurationList;
			buildConfigurations = (
				2ABF8AB41DDC2A40000EAA11 /* Debug */,
				2ABF8AB51DDC2A40000EAA11 /* Release */,
			);
			defaultConfigurationIsVisible = 0;
		};
/* End XCConfigurationList section */
	};
	rootObject = 2ABF8A991DDC2A40000EAA11 /* Project object */;
}
